# This file is @generated by PDM.
# It is not intended for manual editing.

[metadata]
groups = ["default", "test"]
strategy = ["cross_platform"]
lock_version = "4.4.1"
content_hash = "sha256:a7306d7102dfeda5454574f5bdb32e90c1aa4159dd5b428f75081934170de9c3"

[[package]]
name = "amaranth"
version = "0.5.0"
requires_python = "~=3.8"
summary = "Amaranth hardware definition language"
dependencies = [
    "Jinja2~=3.0",
    "importlib-resources; python_version < \"3.9\"",
    "jschon~=0.11.1",
    "pyvcd<0.5,>=0.2.2",
]
files = [
    {file = "amaranth-0.5.0-py3-none-any.whl", hash = "sha256:3d05d38864d6e88e40db93ed29ac0bee7f2a351d12810d4414f5b65a7cb0e23f"},
    {file = "amaranth-0.5.0.tar.gz", hash = "sha256:9d2a1893d6ac938e0ff3983892eff5b56033e06691cc89674eb8d500dc46cdf6"},
]

[[package]]
name = "amaranth-boards"
version = "0.1.dev246"
requires_python = "~=3.8"
git = "https://github.com/amaranth-lang/amaranth-boards"
revision = "aba2300dc83216523e1c98fdb22471cb4bac5027"
summary = "Board and connector definitions for Amaranth HDL"
dependencies = [
    "amaranth<0.6,>=0.4",
]

[[package]]
name = "amaranth-yosys"
version = "0.40.0.0.post95"
requires_python = "~=3.8"
summary = "Specialized WebAssembly build of Yosys used by Amaranth HDL"
dependencies = [
    "importlib-resources>=1.4; python_version < \"3.9\"",
    "wasmtime<22,>=1",
]
files = [
    {file = "amaranth_yosys-0.40.0.0.post95-py3-none-any.whl", hash = "sha256:b9b31e84e8889b60285c8f1b9b51e80dfa0f2df4ccc724dfc28ff8edb9e7a4b3"},
]

[[package]]
name = "amaranth"
version = "0.5.0"
extras = ["builtin-yosys"]
requires_python = "~=3.8"
summary = "Amaranth hardware definition language"
dependencies = [
    "amaranth-yosys>=0.40",
    "amaranth==0.5.0",
]
files = [
    {file = "amaranth-0.5.0-py3-none-any.whl", hash = "sha256:3d05d38864d6e88e40db93ed29ac0bee7f2a351d12810d4414f5b65a7cb0e23f"},
    {file = "amaranth-0.5.0.tar.gz", hash = "sha256:9d2a1893d6ac938e0ff3983892eff5b56033e06691cc89674eb8d500dc46cdf6"},
]

[[package]]
name = "apycula"
version = "0.11.1"
requires_python = ">=3.6"
summary = "Open Source tools for Gowin FPGAs"
dependencies = [
    "crc",
]
files = [
    {file = "Apycula-0.11.1-py3-none-any.whl", hash = "sha256:4cc79ac0506c25d6ac67c6f2c8973a5101646244cc5584090eed0aee91004df0"},
    {file = "Apycula-0.11.1.tar.gz", hash = "sha256:cae0f25b52576af23a537077871de474706e54241ddab249aa0674cf5e5a85ac"},
]

[[package]]
name = "click"
version = "8.1.7"
requires_python = ">=3.7"
summary = "Composable command line interface toolkit"
dependencies = [
    "colorama; platform_system == \"Windows\"",
]
files = [
    {file = "click-8.1.7-py3-none-any.whl", hash = "sha256:ae74fb96c20a0277a1d615f1e4d73c8414f5a98db8b799a7931d1582f3390c28"},
    {file = "click-8.1.7.tar.gz", hash = "sha256:ca9853ad459e787e2192211578cc907e7594e294c7ccc834310722b41b9ca6de"},
]

[[package]]
name = "colorama"
version = "0.4.6"
requires_python = "!=3.0.*,!=3.1.*,!=3.2.*,!=3.3.*,!=3.4.*,!=3.5.*,!=3.6.*,>=2.7"
summary = "Cross-platform colored terminal text."
files = [
    {file = "colorama-0.4.6-py2.py3-none-any.whl", hash = "sha256:4f1d9991f5acc0ca119f9d443620b77f9d6b33703e51011c16baf57afb285fc6"},
    {file = "colorama-0.4.6.tar.gz", hash = "sha256:08695f5cb7ed6e0531a20572697297273c47b8cae5a63ffc6d6ed5c201be6e44"},
]

[[package]]
name = "crc"
version = "7.0.0"
requires_python = "<4.0,>=3.8"
summary = "Library and CLI to calculate and verify all kinds of CRC checksums"
files = [
    {file = "crc-7.0.0-py3-none-any.whl", hash = "sha256:8b22f5534e9360bf61e169ce581d61143d3d0248a1fdc2c4b4f2175af3b2c2aa"},
    {file = "crc-7.0.0.tar.gz", hash = "sha256:b9fc521042167f2b59d9183ce27acc0897e4a17748421e8b304ccdf7ebf4280a"},
]

[[package]]
name = "exceptiongroup"
version = "1.2.0"
requires_python = ">=3.7"
summary = "Backport of PEP 654 (exception groups)"
files = [
    {file = "exceptiongroup-1.2.0-py3-none-any.whl", hash = "sha256:4bfd3996ac73b41e9b9628b04e079f193850720ea5945fc96a08633c66912f14"},
    {file = "exceptiongroup-1.2.0.tar.gz", hash = "sha256:91f5c769735f051a4290d52edd0858999b57e5876e9f85937691bd4c9fa3ed68"},
]

[[package]]
name = "importlib-resources"
version = "6.1.1"
requires_python = ">=3.8"
summary = "Read resources from Python packages"
dependencies = [
    "zipp>=3.1.0; python_version < \"3.10\"",
]
files = [
    {file = "importlib_resources-6.1.1-py3-none-any.whl", hash = "sha256:e8bf90d8213b486f428c9c39714b920041cb02c184686a3dee24905aaa8105d6"},
    {file = "importlib_resources-6.1.1.tar.gz", hash = "sha256:3893a00122eafde6894c59914446a512f728a0c1a45f9bb9b63721b6bacf0b4a"},
]

[[package]]
name = "iniconfig"
version = "2.0.0"
requires_python = ">=3.7"
summary = "brain-dead simple config-ini parsing"
files = [
    {file = "iniconfig-2.0.0-py3-none-any.whl", hash = "sha256:b6a85871a79d2e3b22d2d1b94ac2824226a63c6b741c88f7ae975f18b6778374"},
    {file = "iniconfig-2.0.0.tar.gz", hash = "sha256:2d91e135bf72d31a410b17c16da610a82cb55f6b0477d1a902134b24a455b8b3"},
]

[[package]]
name = "jinja2"
version = "3.1.2"
requires_python = ">=3.7"
summary = "A very fast and expressive template engine."
dependencies = [
    "MarkupSafe>=2.0",
]
files = [
    {file = "Jinja2-3.1.2-py3-none-any.whl", hash = "sha256:6088930bfe239f0e6710546ab9c19c9ef35e29792895fed6e6e31a023a182a61"},
    {file = "Jinja2-3.1.2.tar.gz", hash = "sha256:31351a702a408a9e7595a8fc6150fc3f43bb6bf7e319770cbc0db9df9437e852"},
]

[[package]]
name = "jschon"
version = "0.11.1"
requires_python = "~=3.8"
summary = "A JSON toolkit for Python developers."
dependencies = [
    "rfc3986",
]
files = [
    {file = "jschon-0.11.1-py3-none-any.whl", hash = "sha256:2350e8b6747b17358022960f91208bea70de448b914827af3184d30e20500f0f"},
    {file = "jschon-0.11.1.tar.gz", hash = "sha256:c0ca0beab1f1694a03d726b91ed75ec604a7787af3ae91ead765f78215bf149f"},
]

[[package]]
name = "markupsafe"
version = "2.1.3"
requires_python = ">=3.7"
summary = "Safely add untrusted strings to HTML/XML markup."
files = [
    {file = "MarkupSafe-2.1.3-cp310-cp310-macosx_10_9_universal2.whl", hash = "sha256:cd0f502fe016460680cd20aaa5a76d241d6f35a1c3350c474bac1273803893fa"},
    {file = "MarkupSafe-2.1.3-cp310-cp310-macosx_10_9_x86_64.whl", hash = "sha256:e09031c87a1e51556fdcb46e5bd4f59dfb743061cf93c4d6831bf894f125eb57"},
    {file = "MarkupSafe-2.1.3-cp310-cp310-manylinux_2_17_aarch64.manylinux2014_aarch64.whl", hash = "sha256:68e78619a61ecf91e76aa3e6e8e33fc4894a2bebe93410754bd28fce0a8a4f9f"},
    {file = "MarkupSafe-2.1.3-cp310-cp310-manylinux_2_17_x86_64.manylinux2014_x86_64.whl", hash = "sha256:65c1a9bcdadc6c28eecee2c119465aebff8f7a584dd719facdd9e825ec61ab52"},
    {file = "MarkupSafe-2.1.3-cp310-cp310-manylinux_2_5_i686.manylinux1_i686.manylinux_2_17_i686.manylinux2014_i686.whl", hash = "sha256:525808b8019e36eb524b8c68acdd63a37e75714eac50e988180b169d64480a00"},
    {file = "MarkupSafe-2.1.3-cp310-cp310-musllinux_1_1_aarch64.whl", hash = "sha256:962f82a3086483f5e5f64dbad880d31038b698494799b097bc59c2edf392fce6"},
    {file = "MarkupSafe-2.1.3-cp310-cp310-musllinux_1_1_i686.whl", hash = "sha256:aa7bd130efab1c280bed0f45501b7c8795f9fdbeb02e965371bbef3523627779"},
    {file = "MarkupSafe-2.1.3-cp310-cp310-musllinux_1_1_x86_64.whl", hash = "sha256:c9c804664ebe8f83a211cace637506669e7890fec1b4195b505c214e50dd4eb7"},
    {file = "MarkupSafe-2.1.3-cp310-cp310-win32.whl", hash = "sha256:10bbfe99883db80bdbaff2dcf681dfc6533a614f700da1287707e8a5d78a8431"},
    {file = "MarkupSafe-2.1.3-cp310-cp310-win_amd64.whl", hash = "sha256:1577735524cdad32f9f694208aa75e422adba74f1baee7551620e43a3141f559"},
    {file = "MarkupSafe-2.1.3-cp311-cp311-macosx_10_9_universal2.whl", hash = "sha256:ad9e82fb8f09ade1c3e1b996a6337afac2b8b9e365f926f5a61aacc71adc5b3c"},
    {file = "MarkupSafe-2.1.3-cp311-cp311-macosx_10_9_x86_64.whl", hash = "sha256:3c0fae6c3be832a0a0473ac912810b2877c8cb9d76ca48de1ed31e1c68386575"},
    {file = "MarkupSafe-2.1.3-cp311-cp311-manylinux_2_17_aarch64.manylinux2014_aarch64.whl", hash = "sha256:b076b6226fb84157e3f7c971a47ff3a679d837cf338547532ab866c57930dbee"},
    {file = "MarkupSafe-2.1.3-cp311-cp311-manylinux_2_17_x86_64.manylinux2014_x86_64.whl", hash = "sha256:bfce63a9e7834b12b87c64d6b155fdd9b3b96191b6bd334bf37db7ff1fe457f2"},
    {file = "MarkupSafe-2.1.3-cp311-cp311-manylinux_2_5_i686.manylinux1_i686.manylinux_2_17_i686.manylinux2014_i686.whl", hash = "sha256:338ae27d6b8745585f87218a3f23f1512dbf52c26c28e322dbe54bcede54ccb9"},
    {file = "MarkupSafe-2.1.3-cp311-cp311-musllinux_1_1_aarch64.whl", hash = "sha256:e4dd52d80b8c83fdce44e12478ad2e85c64ea965e75d66dbeafb0a3e77308fcc"},
    {file = "MarkupSafe-2.1.3-cp311-cp311-musllinux_1_1_i686.whl", hash = "sha256:df0be2b576a7abbf737b1575f048c23fb1d769f267ec4358296f31c2479db8f9"},
    {file = "MarkupSafe-2.1.3-cp311-cp311-musllinux_1_1_x86_64.whl", hash = "sha256:5bbe06f8eeafd38e5d0a4894ffec89378b6c6a625ff57e3028921f8ff59318ac"},
    {file = "MarkupSafe-2.1.3-cp311-cp311-win32.whl", hash = "sha256:dd15ff04ffd7e05ffcb7fe79f1b98041b8ea30ae9234aed2a9168b5797c3effb"},
    {file = "MarkupSafe-2.1.3-cp311-cp311-win_amd64.whl", hash = "sha256:134da1eca9ec0ae528110ccc9e48041e0828d79f24121a1a146161103c76e686"},
    {file = "MarkupSafe-2.1.3-cp312-cp312-macosx_10_9_universal2.whl", hash = "sha256:f698de3fd0c4e6972b92290a45bd9b1536bffe8c6759c62471efaa8acb4c37bc"},
    {file = "MarkupSafe-2.1.3-cp312-cp312-macosx_10_9_x86_64.whl", hash = "sha256:aa57bd9cf8ae831a362185ee444e15a93ecb2e344c8e52e4d721ea3ab6ef1823"},
    {file = "MarkupSafe-2.1.3-cp312-cp312-manylinux_2_17_aarch64.manylinux2014_aarch64.whl", hash = "sha256:ffcc3f7c66b5f5b7931a5aa68fc9cecc51e685ef90282f4a82f0f5e9b704ad11"},
    {file = "MarkupSafe-2.1.3-cp312-cp312-manylinux_2_17_x86_64.manylinux2014_x86_64.whl", hash = "sha256:47d4f1c5f80fc62fdd7777d0d40a2e9dda0a05883ab11374334f6c4de38adffd"},
    {file = "MarkupSafe-2.1.3-cp312-cp312-manylinux_2_5_i686.manylinux1_i686.manylinux_2_17_i686.manylinux2014_i686.whl", hash = "sha256:1f67c7038d560d92149c060157d623c542173016c4babc0c1913cca0564b9939"},
    {file = "MarkupSafe-2.1.3-cp312-cp312-musllinux_1_1_aarch64.whl", hash = "sha256:9aad3c1755095ce347e26488214ef77e0485a3c34a50c5a5e2471dff60b9dd9c"},
    {file = "MarkupSafe-2.1.3-cp312-cp312-musllinux_1_1_i686.whl", hash = "sha256:14ff806850827afd6b07a5f32bd917fb7f45b046ba40c57abdb636674a8b559c"},
    {file = "MarkupSafe-2.1.3-cp312-cp312-musllinux_1_1_x86_64.whl", hash = "sha256:8f9293864fe09b8149f0cc42ce56e3f0e54de883a9de90cd427f191c346eb2e1"},
    {file = "MarkupSafe-2.1.3-cp312-cp312-win32.whl", hash = "sha256:715d3562f79d540f251b99ebd6d8baa547118974341db04f5ad06d5ea3eb8007"},
    {file = "MarkupSafe-2.1.3-cp312-cp312-win_amd64.whl", hash = "sha256:1b8dd8c3fd14349433c79fa8abeb573a55fc0fdd769133baac1f5e07abf54aeb"},
    {file = "MarkupSafe-2.1.3-cp38-cp38-macosx_10_9_universal2.whl", hash = "sha256:2ef12179d3a291be237280175b542c07a36e7f60718296278d8593d21ca937d4"},
    {file = "MarkupSafe-2.1.3-cp38-cp38-macosx_10_9_x86_64.whl", hash = "sha256:2c1b19b3aaacc6e57b7e25710ff571c24d6c3613a45e905b1fde04d691b98ee0"},
    {file = "MarkupSafe-2.1.3-cp38-cp38-manylinux_2_17_aarch64.manylinux2014_aarch64.whl", hash = "sha256:8afafd99945ead6e075b973fefa56379c5b5c53fd8937dad92c662da5d8fd5ee"},
    {file = "MarkupSafe-2.1.3-cp38-cp38-manylinux_2_17_x86_64.manylinux2014_x86_64.whl", hash = "sha256:8c41976a29d078bb235fea9b2ecd3da465df42a562910f9022f1a03107bd02be"},
    {file = "MarkupSafe-2.1.3-cp38-cp38-manylinux_2_5_i686.manylinux1_i686.manylinux_2_17_i686.manylinux2014_i686.whl", hash = "sha256:d080e0a5eb2529460b30190fcfcc4199bd7f827663f858a226a81bc27beaa97e"},
    {file = "MarkupSafe-2.1.3-cp38-cp38-musllinux_1_1_aarch64.whl", hash = "sha256:69c0f17e9f5a7afdf2cc9fb2d1ce6aabdb3bafb7f38017c0b77862bcec2bbad8"},
    {file = "MarkupSafe-2.1.3-cp38-cp38-musllinux_1_1_i686.whl", hash = "sha256:504b320cd4b7eff6f968eddf81127112db685e81f7e36e75f9f84f0df46041c3"},
    {file = "MarkupSafe-2.1.3-cp38-cp38-musllinux_1_1_x86_64.whl", hash = "sha256:42de32b22b6b804f42c5d98be4f7e5e977ecdd9ee9b660fda1a3edf03b11792d"},
    {file = "MarkupSafe-2.1.3-cp38-cp38-win32.whl", hash = "sha256:ceb01949af7121f9fc39f7d27f91be8546f3fb112c608bc4029aef0bab86a2a5"},
    {file = "MarkupSafe-2.1.3-cp38-cp38-win_amd64.whl", hash = "sha256:1b40069d487e7edb2676d3fbdb2b0829ffa2cd63a2ec26c4938b2d34391b4ecc"},
    {file = "MarkupSafe-2.1.3-cp39-cp39-macosx_10_9_universal2.whl", hash = "sha256:8023faf4e01efadfa183e863fefde0046de576c6f14659e8782065bcece22198"},
    {file = "MarkupSafe-2.1.3-cp39-cp39-macosx_10_9_x86_64.whl", hash = "sha256:6b2b56950d93e41f33b4223ead100ea0fe11f8e6ee5f641eb753ce4b77a7042b"},
    {file = "MarkupSafe-2.1.3-cp39-cp39-manylinux_2_17_aarch64.manylinux2014_aarch64.whl", hash = "sha256:9dcdfd0eaf283af041973bff14a2e143b8bd64e069f4c383416ecd79a81aab58"},
    {file = "MarkupSafe-2.1.3-cp39-cp39-manylinux_2_17_x86_64.manylinux2014_x86_64.whl", hash = "sha256:05fb21170423db021895e1ea1e1f3ab3adb85d1c2333cbc2310f2a26bc77272e"},
    {file = "MarkupSafe-2.1.3-cp39-cp39-manylinux_2_5_i686.manylinux1_i686.manylinux_2_17_i686.manylinux2014_i686.whl", hash = "sha256:282c2cb35b5b673bbcadb33a585408104df04f14b2d9b01d4c345a3b92861c2c"},
    {file = "MarkupSafe-2.1.3-cp39-cp39-musllinux_1_1_aarch64.whl", hash = "sha256:ab4a0df41e7c16a1392727727e7998a467472d0ad65f3ad5e6e765015df08636"},
    {file = "MarkupSafe-2.1.3-cp39-cp39-musllinux_1_1_i686.whl", hash = "sha256:7ef3cb2ebbf91e330e3bb937efada0edd9003683db6b57bb108c4001f37a02ea"},
    {file = "MarkupSafe-2.1.3-cp39-cp39-musllinux_1_1_x86_64.whl", hash = "sha256:0a4e4a1aff6c7ac4cd55792abf96c915634c2b97e3cc1c7129578aa68ebd754e"},
    {file = "MarkupSafe-2.1.3-cp39-cp39-win32.whl", hash = "sha256:fec21693218efe39aa7f8599346e90c705afa52c5b31ae019b2e57e8f6542bb2"},
    {file = "MarkupSafe-2.1.3-cp39-cp39-win_amd64.whl", hash = "sha256:3fd4abcb888d15a94f32b75d8fd18ee162ca0c064f35b11134be77050296d6ba"},
    {file = "MarkupSafe-2.1.3.tar.gz", hash = "sha256:af598ed32d6ae86f1b747b82783958b1a4ab8f617b06fe68795c7f026abbdcad"},
]

[[package]]
name = "packaging"
version = "23.2"
requires_python = ">=3.7"
summary = "Core utilities for Python packages"
files = [
    {file = "packaging-23.2-py3-none-any.whl", hash = "sha256:8c491190033a9af7e1d931d0b5dacc2ef47509b34dd0de67ed209b5203fc88c7"},
    {file = "packaging-23.2.tar.gz", hash = "sha256:048fb0e9405036518eaaf48a55953c750c11e1a1b68e0dd1a9d62ed0c092cfc5"},
]

[[package]]
name = "platformdirs"
version = "3.11.0"
requires_python = ">=3.7"
summary = "A small Python package for determining appropriate platform-specific dirs, e.g. a \"user data dir\"."
files = [
    {file = "platformdirs-3.11.0-py3-none-any.whl", hash = "sha256:e9d171d00af68be50e9202731309c4e658fd8bc76f55c11c7dd760d023bda68e"},
    {file = "platformdirs-3.11.0.tar.gz", hash = "sha256:cf8ee52a3afdb965072dcc652433e0c7e3e40cf5ea1477cd4b3b1d2eb75495b3"},
]

[[package]]
name = "pluggy"
version = "1.3.0"
requires_python = ">=3.8"
summary = "plugin and hook calling mechanisms for python"
files = [
    {file = "pluggy-1.3.0-py3-none-any.whl", hash = "sha256:d89c696a773f8bd377d18e5ecda92b7a3793cbe66c87060a6fb58c7b6e1061f7"},
    {file = "pluggy-1.3.0.tar.gz", hash = "sha256:cf61ae8f126ac6f7c451172cf30e3e43d3ca77615509771b3a984a0730651e12"},
]

[[package]]
name = "pytest"
version = "7.4.4"
requires_python = ">=3.7"
summary = "pytest: simple powerful testing with Python"
dependencies = [
    "colorama; sys_platform == \"win32\"",
    "exceptiongroup>=1.0.0rc8; python_version < \"3.11\"",
    "iniconfig",
    "packaging",
    "pluggy<2.0,>=0.12",
    "tomli>=1.0.0; python_version < \"3.11\"",
]
files = [
    {file = "pytest-7.4.4-py3-none-any.whl", hash = "sha256:b090cdf5ed60bf4c45261be03239c2c1c22df034fbffe691abe93cd80cea01d8"},
    {file = "pytest-7.4.4.tar.gz", hash = "sha256:2cf0005922c6ace4a3e2ec8b4080eb0d9753fdc93107415332f50ce9e7994280"},
]

[[package]]
name = "pyvcd"
version = "0.4.0"
requires_python = ">=3.7"
summary = "Python VCD file support"
files = [
    {file = "pyvcd-0.4.0-py2.py3-none-any.whl", hash = "sha256:a21b10e5018b7940c8f2c20ef83d97496e86f15e215afed134ee115166035e17"},
    {file = "pyvcd-0.4.0.tar.gz", hash = "sha256:31be3f501441a9b8c5dc72660ff7b9cfef9b43b2121a23d96f586d2863270290"},
]

[[package]]
name = "rfc3986"
version = "2.0.0"
requires_python = ">=3.7"
summary = "Validating URI References per RFC 3986"
files = [
    {file = "rfc3986-2.0.0-py2.py3-none-any.whl", hash = "sha256:50b1502b60e289cb37883f3dfd34532b8873c7de9f49bb546641ce9cbd256ebd"},
    {file = "rfc3986-2.0.0.tar.gz", hash = "sha256:97aacf9dbd4bfd829baad6e6309fa6573aaf1be3f6fa735c8ab05e46cecb261c"},
]

[[package]]
name = "tomli"
version = "2.0.1"
requires_python = ">=3.7"
summary = "A lil' TOML parser"
files = [
    {file = "tomli-2.0.1-py3-none-any.whl", hash = "sha256:939de3e7a6161af0c887ef91b7d41a53e7c5a1ca976325f429cb46ea9bc30ecc"},
    {file = "tomli-2.0.1.tar.gz", hash = "sha256:de526c12914f0c550d15924c62d72abc48d6fe7364aa87328337a31007fe8a4f"},
]

[[package]]
name = "wasmtime"
version = "15.0.0"
requires_python = ">=3.8"
summary = "A WebAssembly runtime powered by Wasmtime"
files = [
    {file = "wasmtime-15.0.0-py3-none-any.whl", hash = "sha256:24de208dccea948e924b6af23c2b659f08bdd58e4ef5b549e2913a022cef2e50"},
    {file = "wasmtime-15.0.0-py3-none-macosx_10_13_x86_64.whl", hash = "sha256:137f6880a2a7eeec89ac98b46ef5e7e6082154cbd509926ec80d45a558432a24"},
    {file = "wasmtime-15.0.0-py3-none-macosx_11_0_arm64.whl", hash = "sha256:4bfd230624b3972b869b3fae57c605556c00b1acdb18f3d60b5a21dcac5f1670"},
    {file = "wasmtime-15.0.0-py3-none-manylinux1_x86_64.whl", hash = "sha256:79a416bd65468027842a15d21b78b4aa94ecca8281ae9a8d299a7860710882df"},
    {file = "wasmtime-15.0.0-py3-none-manylinux2014_aarch64.whl", hash = "sha256:f74bd2af9dc7af37efae6efd1153377de6f9c43e88728448334eb6b5950718f5"},
    {file = "wasmtime-15.0.0-py3-none-win_amd64.whl", hash = "sha256:fcad612253877a432c8f3c31c35adb521c59315fe6df0a7d7eb9b26a95f588b2"},
]

[[package]]
name = "yowasp-nextpnr-ecp5"
version = "0.7.0.0.post519"
summary = "nextpnr-ecp5 FPGA place and route tool"
dependencies = [
    "yowasp-runtime~=1.1",
]
files = [
    {file = "yowasp_nextpnr_ecp5-0.7.0.0.post519-py3-none-any.whl", hash = "sha256:0bab40d519525d17bf1b3e5961da1a23594594c2c3b25d404d3d7f95aebbeeef"},
]

[[package]]
name = "yowasp-nextpnr-gowin"
version = "0.7.0.0.post519"
summary = "nextpnr-gowin FPGA place and route tool"
dependencies = [
    "Apycula==0.11.1",
    "yowasp-runtime~=1.1",
]
files = [
    {file = "yowasp_nextpnr_gowin-0.7.0.0.post519-py3-none-any.whl", hash = "sha256:ca29af24ab253bdd3dfd3c7ebc9ca0a0b7b1da79a2d4ce864fc1c9af071c538c"},
]

[[package]]
name = "yowasp-nextpnr-ice40"
version = "0.7.0.0.post519"
summary = "nextpnr-ice40 FPGA place and route tool"
dependencies = [
    "yowasp-runtime~=1.1",
]
files = [
    {file = "yowasp_nextpnr_ice40-0.7.0.0.post519-py3-none-any.whl", hash = "sha256:abd245a20de0517526be670f78e645a7d0aff56165a674a501c39e69a2f102b3"},
]

[[package]]
name = "yowasp-runtime"
version = "1.46"
requires_python = "~=3.8"
summary = "Common runtime for YoWASP packages"
dependencies = [
    "importlib-resources; python_version < \"3.9\"",
    "platformdirs~=3.0",
    "wasmtime<16,>=1.0",
]
files = [
    {file = "yowasp_runtime-1.46-py3-none-any.whl", hash = "sha256:cbfbb0a77d2c82c8ae7381becda9691e19126ce65102778396826a50d5a4d4e8"},
]

[[package]]
name = "yowasp-yosys"
version = "0.42.0.0.post734"
summary = "Yosys Open SYnthesis Suite"
dependencies = [
    "click",
    "importlib-resources; python_version < \"3.9\"",
    "yowasp-runtime~=1.12",
]
files = [
    {file = "yowasp_yosys-0.42.0.0.post734-py3-none-any.whl", hash = "sha256:2d914cb3952b25dad30eda0e4ceed47066555804fde13d3d59c1ba052b21b0da"},
]

[[package]]
name = "zipp"
version = "3.17.0"
requires_python = ">=3.8"
summary = "Backport of pathlib-compatible object wrapper for zip files"
files = [
    {file = "zipp-3.17.0-py3-none-any.whl", hash = "sha256:0e923e726174922dce09c53c59ad483ff7bbb8e572e00c7f7c46b88556409f31"},
    {file = "zipp-3.17.0.tar.gz", hash = "sha256:84e64a1c28cf7e91ed2078bb8cc8c259cb19b76942096c8d7b84947690cabaf0"},
]
